dependencies:
  espressif/esp_tinyusb:
    component_hash: 0fab24246e07bdf919c6489d17a590cffbffbbf6a9c44d6235641645c8b946b7
    dependencies:
    - name: idf
      require: private
      version: '>=5.0'
    - name: espressif/tinyusb
      registry_url: https://components.espressif.com
      require: public
      version: '>=0.17.0~2'
    source:
      registry_url: https://components.espressif.com/
      type: service
    targets:
    - esp32s2
    - esp32s3
    - esp32p4
    - esp32h4
    - esp32s31
    version: 2.3.0
  espressif/tinyusb:
    component_hash: 16c8d774dab1f484d3e0c0f61105624d2424bbae864efd19818baf7b451b41e7
    dependencies:
    - name: idf
      require: private
      version: '>=5.0'
    source:
      registry_url: https://components.espressif.com
      type: service
    targets:
    - esp32s2
    - esp32s3
    - esp32p4
    - esp32h4
    - esp32s31
    version: 0.21.0~2
  idf:
    source:
      type: idf
    version: 6.1.0
  lovyan03/lovyangfx:
    component_hash: 7bde3c4760ecc3e3d0d5527f4402ee7a9ad99cd45a44e3d6ddf6cc1812a79697
    dependencies: []
    source:
      git: https://github.com/lovyan03/LovyanGFX.git
      path: .
      type: git
    version: 3527e99d4635bd3ddce7c5c312e98f6e613f93ab
direct_dependencies:
- espressif/esp_tinyusb
- lovyan03/lovyangfx
manifest_hash: d4da148bd249c1a776764c2674d4282c3481cc8181393f1d1326010c99e5e9ac
target: esp32s3
version: 3.0.0
